{
  "version": 4,
  "terraform_version": "1.0.11",
  "serial": 67,
  "lineage": "54499f44-b0d0-89f7-944b-b25ea9507fbc",
  "outputs": {
    "app-ports": {
      "value": [
        49153
      ],
      "type": [
        "tuple",
        [
          "number"
        ]
      ]
    },
    "ipv4": {
      "value": "159.223.49.38",
      "type": "string"
    },
    "my-key-fingerprint": {
      "value": "de:94:2a:7e:db:7e:f0:0e:b1:4a:d2:85:0e:34:f9:33",
      "type": "string"
    }
  },
  "resources": [
    {
      "mode": "data",
      "type": "digitalocean_ssh_key",
      "name": "mykeyy",
      "provider": "provider[\"registry.terraform.io/digitalocean/digitalocean\"]",
      "instances": [
        {
          "schema_version": 0,
          "attributes": {
            "fingerprint": "de:94:2a:7e:db:7e:f0:0e:b1:4a:d2:85:0e:34:f9:33",
            "id": 32588637,
            "name": "mykeyy",
            "public_key": "ssh-rsa AAAAB3NzaC1yc2EAAAADAQABAAABgQDCXxhiMn/rfr6lXOulPe5/cbaSO9FOC/fbKonute8h2uT1p0H4fKRhwZbZjfkZqQMy7Uq6r44D6LjMGocFV77zrywSd5WLK3zD5Rdm4O7sbHO/g23ncC4KtDd75tEB3B36KF68oB/FboMvOt/kzVBwIoVPpXqdyfJkFacBHibmIZ7jpu/jCDmcx/9m01xSVo6a+883zoBQCu8G9VBn1vOM2KDJ+ttd271rKxFcBkm9jaq1UmbQ1CUGUZHXncRx2U+Y9uEbENaTt8zsgKxLwlMjQ8KHESOhLDz9Ldf0MGYSdUOxd4qefDASc20ahTcZPCDQ8teuRKOaMuSLTdQv0pJusd+sMjjc35CTiOXcDEGm1Y3nS4mAfMTkMM74WMMHYBbIU9SGruaiLMpolssukY9Z7lNtqFQJusIK9Fc94vgNWEKDlCbEEocvJhVzLJqJLlE6KczSYz71mAhZ3/jBpnnQlB1tDOf9SzIouwRfbd5rxH8re0Ycwop4maT/Vl2/9Mk= fred@ubuntu-s-2vcpu-2gb-sgp1-01"
          },
          "sensitive_attributes": []
        }
      ]
    },
    {
      "mode": "data",
      "type": "docker_image",
      "name": "dov-image",
      "provider": "provider[\"registry.terraform.io/kreuzwerker/docker\"]",
      "instances": [
        {
          "schema_version": 0,
          "attributes": {
            "id": "sha256:6a1960b234eaa1625d7a0baf066e0b56bfab9d71d060088b9f732dd283c67a75",
            "name": "stackupiss/dov-bear:v2",
            "repo_digest": "stackupiss/dov-bear@sha256:2ea79cd4613427ab97a952f4fb7914928ad782a7b83022e88927643764c8ec2c"
          },
          "sensitive_attributes": []
        }
      ]
    },
    {
      "mode": "managed",
      "type": "digitalocean_droplet",
      "name": "myserver",
      "provider": "provider[\"registry.terraform.io/digitalocean/digitalocean\"]",
      "instances": [
        {
          "schema_version": 1,
          "attributes": {
            "backups": false,
            "created_at": "2021-12-09T06:15:40Z",
            "disk": 25,
            "droplet_agent": null,
            "graceful_shutdown": false,
            "id": "277122208",
            "image": "ubuntu-20-04-x64",
            "ipv4_address": "159.223.49.38",
            "ipv4_address_private": "10.104.0.3",
            "ipv6": false,
            "ipv6_address": "",
            "locked": false,
            "memory": 1024,
            "monitoring": false,
            "name": "myserver",
            "price_hourly": 0.00744,
            "price_monthly": 5,
            "private_networking": true,
            "region": "sgp1",
            "resize_disk": true,
            "size": "s-1vcpu-1gb",
            "ssh_keys": [
              "de:94:2a:7e:db:7e:f0:0e:b1:4a:d2:85:0e:34:f9:33"
            ],
            "status": "active",
            "tags": null,
            "urn": "do:droplet:277122208",
            "user_data": null,
            "vcpus": 1,
            "volume_ids": [],
            "vpc_uuid": "7d8c1fbb-b3fe-477c-9787-c3bcfb1fa9c0"
          },
          "sensitive_attributes": [],
          "private": "eyJzY2hlbWFfdmVyc2lvbiI6IjEifQ==",
          "dependencies": [
            "data.digitalocean_ssh_key.mykeyy",
            "data.docker_image.dov-image",
            "docker_container.dov-container",
            "local_file.nginx-conf"
          ]
        }
      ]
    },
    {
      "mode": "managed",
      "type": "docker_container",
      "name": "dov-container",
      "provider": "provider[\"registry.terraform.io/kreuzwerker/docker\"]",
      "instances": [
        {
          "index_key": 0,
          "schema_version": 2,
          "attributes": {
            "attach": false,
            "bridge": "",
            "capabilities": [],
            "command": [],
            "container_logs": null,
            "cpu_set": "",
            "cpu_shares": 0,
            "destroy_grace_seconds": null,
            "devices": [],
            "dns": null,
            "dns_opts": null,
            "dns_search": null,
            "domainname": "",
            "entrypoint": [
              "node",
              "main.js"
            ],
            "env": [
              "INSTANCE_NAME=dov-0"
            ],
            "exit_code": null,
            "gateway": "172.17.0.1",
            "group_add": null,
            "healthcheck": [
              {
                "interval": "30s",
                "retries": 3,
                "start_period": "5s",
                "test": [
                  "CMD-SHELL",
                  "curl -s -f localhost:3000/healthz || exit 1"
                ],
                "timeout": "5s"
              }
            ],
            "host": [],
            "hostname": "0b9a745c5ec0",
            "id": "0b9a745c5ec01188f10dcf165f5db8290a0a0fb57770c26f4104ffd9ff84e30d",
            "image": "sha256:6a1960b234eaa1625d7a0baf066e0b56bfab9d71d060088b9f732dd283c67a75",
            "init": false,
            "ip_address": "172.17.0.2",
            "ip_prefix_length": 16,
            "ipc_mode": "private",
            "labels": [],
            "links": null,
            "log_driver": "json-file",
            "log_opts": null,
            "logs": false,
            "max_retry_count": 0,
            "memory": 0,
            "memory_swap": 0,
            "mounts": [],
            "must_run": true,
            "name": "dov-0",
            "network_alias": null,
            "network_data": [
              {
                "gateway": "172.17.0.1",
                "global_ipv6_address": "",
                "global_ipv6_prefix_length": 0,
                "ip_address": "172.17.0.2",
                "ip_prefix_length": 16,
                "ipv6_gateway": "",
                "network_name": "bridge"
              }
            ],
            "network_mode": "default",
            "networks": null,
            "networks_advanced": [],
            "pid_mode": "",
            "ports": [
              {
                "external": 49153,
                "internal": 3000,
                "ip": "0.0.0.0",
                "protocol": "tcp"
              }
            ],
            "privileged": false,
            "publish_all_ports": false,
            "read_only": false,
            "remove_volumes": true,
            "restart": "no",
            "rm": false,
            "security_opts": [],
            "shm_size": 64,
            "start": true,
            "stdin_open": false,
            "storage_opts": null,
            "sysctls": null,
            "tmpfs": null,
            "tty": false,
            "ulimit": [],
            "upload": [],
            "user": "",
            "userns_mode": "",
            "volumes": [],
            "working_dir": "/app"
          },
          "sensitive_attributes": [],
          "private": "eyJzY2hlbWFfdmVyc2lvbiI6IjIifQ==",
          "dependencies": [
            "data.docker_image.dov-image"
          ]
        }
      ]
    },
    {
      "mode": "managed",
      "type": "local_file",
      "name": "at_ipv4",
      "provider": "provider[\"registry.terraform.io/hashicorp/local\"]",
      "instances": [
        {
          "schema_version": 0,
          "attributes": {
            "content": "de:94:2a:7e:db:7e:f0:0e:b1:4a:d2:85:0e:34:f9:33\n",
            "content_base64": null,
            "directory_permission": "0777",
            "file_permission": "0644",
            "filename": "@159.223.49.38",
            "id": "f698d9864876a1ffe375ef3cea4a86df0c8d9ab0",
            "sensitive_content": null,
            "source": null
          },
          "sensitive_attributes": [],
          "private": "bnVsbA==",
          "dependencies": [
            "data.digitalocean_ssh_key.mykeyy",
            "data.docker_image.dov-image",
            "digitalocean_droplet.myserver",
            "docker_container.dov-container",
            "local_file.nginx-conf"
          ]
        }
      ]
    },
    {
      "mode": "managed",
      "type": "local_file",
      "name": "droplet_info",
      "provider": "provider[\"registry.terraform.io/hashicorp/local\"]",
      "instances": [
        {
          "schema_version": 0,
          "attributes": {
            "content": "The IP address of the droplet is 159.223.49.38\nThe public key's fingerprint is de:94:2a:7e:db:7e:f0:0e:b1:4a:d2:85:0e:34:f9:33",
            "content_base64": null,
            "directory_permission": "0777",
            "file_permission": "0644",
            "filename": "info.txt",
            "id": "58d949687b6a29057fb3d2730b9d5d5f53c70715",
            "sensitive_content": null,
            "source": null
          },
          "sensitive_attributes": [],
          "private": "bnVsbA==",
          "dependencies": [
            "data.digitalocean_ssh_key.mykeyy",
            "data.docker_image.dov-image",
            "digitalocean_droplet.myserver",
            "docker_container.dov-container",
            "local_file.nginx-conf"
          ]
        }
      ]
    },
    {
      "mode": "managed",
      "type": "local_file",
      "name": "inventory-yaml",
      "provider": "provider[\"registry.terraform.io/hashicorp/local\"]",
      "instances": [
        {
          "schema_version": 0,
          "attributes": {
            "content": "all:\n  hosts:\n    myserver:\n      ansible_host: 159.223.49.38\n      ansible_user: root\n      ansible_connection: ssh\n      ansible_ssh_private_key_file: ./mykeyy\n      ",
            "content_base64": null,
            "directory_permission": "0777",
            "file_permission": "644",
            "filename": "inventory.yaml",
            "id": "23d06dec8abe18d76c8e19b25803e67d16723360",
            "sensitive_content": null,
            "source": null
          },
          "sensitive_attributes": [],
          "private": "bnVsbA==",
          "dependencies": [
            "data.digitalocean_ssh_key.mykeyy",
            "data.docker_image.dov-image",
            "digitalocean_droplet.myserver",
            "docker_container.dov-container",
            "local_file.nginx-conf"
          ]
        }
      ]
    },
    {
      "mode": "managed",
      "type": "local_file",
      "name": "nginx-conf",
      "provider": "provider[\"registry.terraform.io/hashicorp/local\"]",
      "instances": [
        {
          "schema_version": 0,
          "attributes": {
            "content": "user www-data;\nworker_processes auto;\npid /run/nginx.pid;\n\nevents {\n    worker_connections 768;\n}\n\nhttp {\n    access_log /var/log/nginx/access.log;\n    error_log /var/log/nginx/error.log;\n\n    gzip on;\n\n    upstream apps {\n        least_conn;\n        # the following list the container endlpoints\n        \n        server 159.223.45.113:49153;\n        \n    }\n\n    server {\n        listen 80;\n        location / {\n            proxy_pass http://apps;\n        }\n    }\n}\n",
            "content_base64": null,
            "directory_permission": "0777",
            "file_permission": "644",
            "filename": "nginx.conf",
            "id": "6d5ae5bb0f96a1997d0308ee0416cf1e4861559b",
            "sensitive_content": null,
            "source": null
          },
          "sensitive_attributes": [],
          "private": "bnVsbA==",
          "dependencies": [
            "data.docker_image.dov-image",
            "docker_container.dov-container"
          ]
        }
      ]
    }
  ]
}
